// !$*UTF8*$!
{
	archiveVersion = 1;
	classes = {
	};
	objectVersion = 46;
	objects = {

/* Begin PBXBuildFile section */
		A92D59E51D36343200C2902C /* AppDelegate.swift in Sources */ = {isa = PBXBuildFile; fileRef = A92D59E41D36343200C2902C /* AppDelegate.swift */; };
		A92D59E71D36343200C2902C /* ViewController.swift in Sources */ = {isa = PBXBuildFile; fileRef = A92D59E61D36343200C2902C /* ViewController.swift */; };
		A92D59EA1D36343200C2902C /* Main.storyboard in Resources */ = {isa = PBXBuildFile; fileRef = A92D59E81D36343200C2902C /* Main.storyboard */; };
		A92D59EC1D36343200C2902C /* Assets.xcassets in Resources */ = {isa = PBXBuildFile; fileRef = A92D59EB1D36343200C2902C /* Assets.xcassets */; };
		A92D59EF1D36343200C2902C /* LaunchScreen.storyboard in Resources */ = {isa = PBXBuildFile; fileRef = A92D59ED1D36343200C2902C /* LaunchScreen.storyboard */; };
		A92D59FA1D36343200C2902C /* TestForBitriseTests.swift in Sources */ = {isa = PBXBuildFile; fileRef = A92D59F91D36343200C2902C /* TestForBitriseTests.swift */; };
/* End PBXBuildFile section */

/* Begin PBXContainerItemProxy section */
		A92D59F61D36343200C2902C /* PBXContainerItemProxy */ = {
			isa = PBXContainerItemProxy;
			containerPortal = A92D59D91D36343200C2902C /* Project object */;
			proxyType = 1;
			remoteGlobalIDString = A92D59E01D36343200C2902C;
			remoteInfo = TestForBitrise;
		};
/* End PBXContainerItemProxy section */

/* Begin PBXFileReference section */
		A92D59E11D36343200C2902C /* TestForBitrise.app */ = {isa = PBXFileReference; explicitFileType = wrapper.application; includeInIndex = 0; path = TestForBitrise.app; sourceTree = BUILT_PRODUCTS_DIR; };
		A92D59E41D36343200C2902C /* AppDelegate.swift */ = {isa = PBXFileReference; lastKnownFileType = sourcecode.swift; path = AppDelegate.swift; sourceTree = "<group>"; };
		A92D59E61D36343200C2902C /* ViewController.swift */ = {isa = PBXFileReference; lastKnownFileType = sourcecode.swift; path = ViewController.swift; sourceTree = "<group>"; };
		A92D59E91D36343200C2902C /* Base */ = {isa = PBXFileReference; lastKnownFileType = file.storyboard; name = Base; path = Base.lproj/Main.storyboard; sourceTree = "<group>"; };
		A92D59EB1D36343200C2902C /* Assets.xcassets */ = {isa = PBXFileReference; lastKnownFileType = folder.assetcatalog; path = Assets.xcassets; sourceTree = "<group>"; };
		A92D59EE1D36343200C2902C /* Base */ = {isa = PBXFileReference; lastKnownFileType = file.storyboard; name = Base; path = Base.lproj/LaunchScreen.storyboard; sourceTree = "<group>"; };
		A92D59F01D36343200C2902C /* Info.plist */ = {isa = PBXFileReference; lastKnownFileType = text.plist.xml; path = Info.plist; sourceTree = "<group>"; };
		A92D59F51D36343200C2902C /* TestForBitriseTests.xctest */ = {isa = PBXFileReference; explicitFileType = wrapper.cfbundle; includeInIndex = 0; path = TestForBitriseTests.xctest; sourceTree = BUILT_PRODUCTS_DIR; };
		A92D59F91D36343200C2902C /* TestForBitriseTests.swift */ = {isa = PBXFileReference; lastKnownFileType = sourcecode.swift; path = TestForBitriseTests.swift; sourceTree = "<group>"; };
		A92D59FB1D36343200C2902C /* Info.plist */ = {isa = PBXFileReference; lastKnownFileType = text.plist.xml; path = Info.plist; sourceTree = "<group>"; };
/* End PBXFileReference section */

/* Begin PBXFrameworksBuildPhase section */
		A92D59DE1D36343200C2902C /* Frameworks */ = {
			isa = PBXFrameworksBuildPhase;
			buildActionMask = 2147483647;
			files = (
			);
			runOnlyForDeploymentPostprocessing = 0;
		};
		A92D59F21D36343200C2902C /* Frameworks */ = {
			isa = PBXFrameworksBuildPhase;
			buildActionMask = 2147483647;
			files = (
			);
			runOnlyForDeploymentPostprocessing = 0;
		};
/* End PBXFrameworksBuildPhase section */

/* Begin PBXGroup section */
		A92D59D81D36343200C2902C = {
			isa = PBXGroup;
			children = (
				A92D59E31D36343200C2902C /* TestForBitrise */,
				A92D59F81D36343200C2902C /* TestForBitriseTests */,
				A92D59E21D36343200C2902C /* Products */,
			);
			sourceTree = "<group>";
		};
		A92D59E21D36343200C2902C /* Products */ = {
			isa = PBXGroup;
			children = (
				A92D59E11D36343200C2902C /* TestForBitrise.app */,
				A92D59F51D36343200C2902C /* TestForBitriseTests.xctest */,
			);
			name = Products;
			sourceTree = "<group>";
		};
		A92D59E31D36343200C2902C /* TestForBitrise */ = {
			isa = PBXGroup;
			children = (
				A92D59E41D36343200C2902C /* AppDelegate.swift */,
				A92D59E61D36343200C2902C /* ViewController.swift */,
				A92D59E81D36343200C2902C /* Main.storyboard */,
				A92D59EB1D36343200C2902C /* Assets.xcassets */,
				A92D59ED1D36343200C2902C /* LaunchScreen.storyboard */,
				A92D59F01D36343200C2902C /* Info.plist */,
			);
			path = TestForBitrise;
			sourceTree = "<group>";
		};
		A92D59F81D36343200C2902C /* TestForBitriseTests */ = {
			isa = PBXGroup;
			children = (
				A92D59F91D36343200C2902C /* TestForBitriseTests.swift */,
				A92D59FB1D36343200C2902C /* Info.plist */,
			);
			path = TestForBitriseTests;
			sourceTree = "<group>";
		};
/* End PBXGroup section */

/* Begin PBXNativeTarget section */
		A92D59E01D36343200C2902C /* TestForBitrise */ = {
			isa = PBXNativeTarget;
			buildConfigurationList = A92D59FE1D36343200C2902C /* Build configuration list for PBXNativeTarget "TestForBitrise" */;
			buildPhases = (
				A92D59DD1D36343200C2902C /* Sources */,
				A92D59DE1D36343200C2902C /* Frameworks */,
				A92D59DF1D36343200C2902C /* Resources */,
			);
			buildRules = (
			);
			dependencies = (
			);
			name = TestForBitrise;
			productName = TestForBitrise;
			productReference = A92D59E11D36343200C2902C /* TestForBitrise.app */;
			productType = "com.apple.product-type.application";
		};
		A92D59F41D36343200C2902C /* TestForBitriseTests */ = {
			isa = PBXNativeTarget;
			buildConfigurationList = A92D5A011D36343200C2902C /* Build configuration list for PBXNativeTarget "TestForBitriseTests" */;
			buildPhases = (
				A92D59F11D36343200C2902C /* Sources */,
				A92D59F21D36343200C2902C /* Frameworks */,
				A92D59F31D36343200C2902C /* Resources */,
			);
			buildRules = (
			);
			dependencies = (
				A92D59F71D36343200C2902C /* PBXTargetDependency */,
			);
			name = TestForBitriseTests;
			productName = TestForBitriseTests;
			productReference = A92D59F51D36343200C2902C /* TestForBitriseTests.xctest */;
			productType = "com.apple.product-type.bundle.unit-test";
		};
/* End PBXNativeTarget section */

/* Begin PBXProject section */
		A92D59D91D36343200C2902C /* Project object */ = {
			isa = PBXProject;
			attributes = {
				LastSwiftUpdateCheck = 0730;
				LastUpgradeCheck = 0730;
				ORGANIZATIONNAME = kaigi;
				TargetAttributes = {
					A92D59E01D36343200C2902C = {
						CreatedOnToolsVersion = 7.3.1;
					};
					A92D59F41D36343200C2902C = {
						CreatedOnToolsVersion = 7.3.1;
						TestTargetID = A92D59E01D36343200C2902C;
					};
				};
			};
			buildConfigurationList = A92D59DC1D36343200C2902C /* Build configuration list for PBXProject "TestForBitrise" */;
			compatibilityVersion = "Xcode 3.2";
			developmentRegion = English;
			hasScannedForEncodings = 0;
			knownRegions = (
				en,
				Base,
			);
			mainGroup = A92D59D81D36343200C2902C;
			productRefGroup = A92D59E21D36343200C2902C /* Products */;
			projectDirPath = "";
			projectRoot = "";
			targets = (
				A92D59E01D36343200C2902C /* TestForBitrise */,
				A92D59F41D36343200C2902C /* TestForBitriseTests */,
			);
		};
/* End PBXProject section */

/* Begin PBXResourcesBuildPhase section */
		A92D59DF1D36343200C2902C /* Resources */ = {
			isa = PBXResourcesBuildPhase;
			buildActionMask = 2147483647;
			files = (
				A92D59EF1D36343200C2902C /* LaunchScreen.storyboard in Resources */,
				A92D59EC1D36343200C2902C /* Assets.xcassets in Resources */,
				A92D59EA1D36343200C2902C /* Main.storyboard in Resources */,
			);
			runOnlyForDeploymentPostprocessing = 0;
		};
		A92D59F31D36343200C2902C /* Resources */ = {
			isa = PBXResourcesBuildPhase;
			buildActionMask = 2147483647;
			files = (
			);
			runOnlyForDeploymentPostprocessing = 0;
		};
/* End PBXResourcesBuildPhase section */

/* Begin PBXSourcesBuildPhase section */
		A92D59DD1D36343200C2902C /* Sources */ = {
			isa = PBXSourcesBuildPhase;
			buildActionMask = 2147483647;
			files = (
				A92D59E71D36343200C2902C /* ViewController.swift in Sources */,
				A92D59E51D36343200C2902C /* AppDelegate.swift in Sources */,
			);
			runOnlyForDeploymentPostprocessing = 0;
		};
		A92D59F11D36343200C2902C /* Sources */ = {
			isa = PBXSourcesBuildPhase;
			buildActionMask = 2147483647;
			files = (
				A92D59FA1D36343200C2902C /* TestForBitriseTests.swift in Sources */,
			);
			runOnlyForDeploymentPostprocessing = 0;
		};
/* End PBXSourcesBuildPhase section */

/* Begin PBXTargetDependency section */
		A92D59F71D36343200C2902C /* PBXTargetDependency */ = {
			isa = PBXTargetDependency;
			target = A92D59E01D36343200C2902C /* TestForBitrise */;
			targetProxy = A92D59F61D36343200C2902C /* PBXContainerItemProxy */;
		};
/* End PBXTargetDependency section */

/* Begin PBXVariantGroup section */
		A92D59E81D36343200C2902C /* Main.storyboard */ = {
			isa = PBXVariantGroup;
			children = (
				A92D59E91D36343200C2902C /* Base */,
			);
			name = Main.storyboard;
			sourceTree = "<group>";
		};
		A92D59ED1D36343200C2902C /* LaunchScreen.storyboard */ = {
			isa = PBXVariantGroup;
			children = (
				A92D59EE1D36343200C2902C /* Base */,
			);
			name = LaunchScreen.storyboard;
			sourceTree = "<group>";
		};
/* End PBXVariantGroup section */

/* Begin XCBuildConfiguration section */
		A92D59FC1D36343200C2902C /* Debug */ = {
			isa = XCBuildConfiguration;
			buildSettings = {
				ALWAYS_SEARCH_USER_PATHS = NO;
				CLANG_ANALYZER_NONNULL = YES;
				CLANG_CXX_LANGUAGE_STANDARD = "gnu++0x";
				CLANG_CXX_LIBRARY = "libc++";
				CLANG_ENABLE_MODULES = YES;
				CLANG_ENABLE_OBJC_ARC = YES;
				CLANG_WARN_BOOL_CONVERSION = YES;
				CLANG_WARN_CONSTANT_CONVERSION = YES;
				CLANG_WARN_DIRECT_OBJC_ISA_USAGE = YES_ERROR;
				CLANG_WARN_EMPTY_BODY = YES;
				CLANG_WARN_ENUM_CONVERSION = YES;
				CLANG_WARN_INT_CONVERSION = YES;
				CLANG_WARN_OBJC_ROOT_CLASS = YES_ERROR;
				CLANG_WARN_UNREACHABLE_CODE = YES;
				CLANG_WARN__DUPLICATE_METHOD_MATCH = YES;
				"CODE_SIGN_IDENTITY[sdk=iphoneos*]" = "iPhone Developer";
				COPY_PHASE_STRIP = NO;
				DEBUG_INFORMATION_FORMAT = dwarf;
				ENABLE_STRICT_OBJC_MSGSEND = YES;
				ENABLE_TESTABILITY = YES;
				GCC_C_LANGUAGE_STANDARD = gnu99;
				GCC_DYNAMIC_NO_PIC = NO;
				GCC_NO_COMMON_BLOCKS = YES;
				GCC_OPTIMIZATION_LEVEL = 0;
				GCC_PREPROCESSOR_DEFINITIONS = (
					"DEBUG=1",
					"$(inherited)",
				);
				GCC_WARN_64_TO_32_BIT_CONVERSION = YES;
				GCC_WARN_ABOUT_RETURN_TYPE = YES_ERROR;
				GCC_WARN_UNDECLARED_SELECTOR = YES;
				GCC_WARN_UNINITIALIZED_AUTOS = YES_AGGRESSIVE;
				GCC_WARN_UNUSED_FUNCTION = YES;
				GCC_WARN_UNUSED_VARIABLE = YES;
				IPHONEOS_DEPLOYMENT_TARGET = 9.3;
				MTL_ENABLE_DEBUG_INFO = YES;
				ONLY_ACTIVE_ARCH = YES;
				SDKROOT = iphoneos;
				SWIFT_OPTIMIZATION_LEVEL = "-Onone";
				TARGETED_DEVICE_FAMILY = "1,2";
			};
			name = Debug;
		};
		A92D59FD1D36343200C2902C /* Release */ = {
			isa = XCBuildConfiguration;
			buildSettings = {
				ALWAYS_SEARCH_USER_PATHS = NO;
				CLANG_ANALYZER_NONNULL = YES;
				CLANG_CXX_LANGUAGE_STANDARD = "gnu++0x";
				CLANG_CXX_LIBRARY = "libc++";
				CLANG_ENABLE_MODULES = YES;
				CLANG_ENABLE_OBJC_ARC = YES;
				CLANG_WARN_BOOL_CONVERSION = YES;
				CLANG_WARN_CONSTANT_CONVERSION = YES;
				CLANG_WARN_DIRECT_OBJC_ISA_USAGE = YES_ERROR;
				CLANG_WARN_EMPTY_BODY = YES;
				CLANG_WARN_ENUM_CONVERSION = YES;
				CLANG_WARN_INT_CONVERSION = YES;
				CLANG_WARN_OBJC_ROOT_CLASS = YES_ERROR;
				CLANG_WARN_UNREACHABLE_CODE = YES;
				CLANG_WARN__DUPLICATE_METHOD_MATCH = YES;
				"CODE_SIGN_IDENTITY[sdk=iphoneos*]" = "iPhone Developer";
				COPY_PHASE_STRIP = NO;
				DEBUG_INFORMATION_FORMAT = "dwarf-with-dsym";
				ENABLE_NS_ASSERTIONS = NO;
				ENABLE_STRICT_OBJC_MSGSEND = YES;
				GCC_C_LANGUAGE_STANDARD = gnu99;
				GCC_NO_COMMON_BLOCKS = YES;
				GCC_WARN_64_TO_32_BIT_CONVERSION = YES;
				GCC_WARN_ABOUT_RETURN_TYPE = YES_ERROR;
				GCC_WARN_UNDECLARED_SELECTOR = YES;
				GCC_WARN_UNINITIALIZED_AUTOS = YES_AGGRESSIVE;
				GCC_WARN_UNUSED_FUNCTION = YES;
				GCC_WARN_UNUSED_VARIABLE = YES;
				IPHONEOS_DEPLOYMENT_TARGET = 9.3;
				MTL_ENABLE_DEBUG_INFO = NO;
				SDKROOT = iphoneos;
				TARGETED_DEVICE_FAMILY = "1,2";
				VALIDATE_PRODUCT = YES;
			};
			name = Release;
		};
		A92D59FF1D36343200C2902C /* Debug */ = {
			isa = XCBuildConfiguration;
			buildSettings = {
				ASSETCATALOG_COMPILER_APPICON_NAME = AppIcon;
				INFOPLIST_FILE = TestForBitrise/Info.plist;
				LD_RUNPATH_SEARCH_PATHS = "$(inherited) @executable_path/Frameworks";
				PRODUCT_BUNDLE_IDENTIFIER = jp.co.isid.TestForBitrise;
				PRODUCT_NAME = "$(TARGET_NAME)";
			};
			name = Debug;
		};
		A92D5A001D36343200C2902C /* Release */ = {
			isa = XCBuildConfiguration;
			buildSettings = {
				ASSETCATALOG_COMPILER_APPICON_NAME = AppIcon;
				INFOPLIST_FILE = TestForBitrise/Info.plist;
				LD_RUNPATH_SEARCH_PATHS = "$(inherited) @executable_path/Frameworks";
				PRODUCT_BUNDLE_IDENTIFIER = jp.co.isid.TestForBitrise;
				PRODUCT_NAME = "$(TARGET_NAME)";
			};
			name = Release;
		};
		A92D5A021D36343200C2902C /* Debug */ = {
			isa = XCBuildConfiguration;
			buildSettings = {
				BUNDLE_LOADER = "$(TEST_HOST)";
				INFOPLIST_FILE = TestForBitriseTests/Info.plist;
				LD_RUNPATH_SEARCH_PATHS = "$(inherited) @executable_path/Frameworks @loader_path/Frameworks";
				PRODUCT_BUNDLE_IDENTIFIER = jp.co.isid.TestForBitriseTests;
				PRODUCT_NAME = "$(TARGET_NAME)";
				TEST_HOST = "$(BUILT_PRODUCTS_DIR)/TestForBitrise.app/TestForBitrise";
			};
			name = Debug;
		};
		A92D5A031D36343200C2902C /* Release */ = {
			isa = XCBuildConfiguration;
			buildSettings = {
				BUNDLE_LOADER = "$(TEST_HOST)";
				INFOPLIST_FILE = TestForBitriseTests/Info.plist;
				LD_RUNPATH_SEARCH_PATHS = "$(inherited) @executable_path/Frameworks @loader_path/Frameworks";
				PRODUCT_BUNDLE_IDENTIFIER = jp.co.isid.TestForBitriseTests;
				PRODUCT_NAME = "$(TARGET_NAME)";
				TEST_HOST = "$(BUILT_PRODUCTS_DIR)/TestForBitrise.app/TestForBitrise";
			};
			name = Release;
		};
/* End XCBuildConfiguration section */

/* Begin XCConfigurationList section */
		A92D59DC1D36343200C2902C /* Build configuration list for PBXProject "TestForBitrise" */ = {
			isa = XCConfigurationList;
			buildConfigurations = (
				A92D59FC1D36343200C2902C /* Debug */,
				A92D59FD1D36343200C2902C /* Release */,
			);
			defaultConfigurationIsVisible = 0;
			defaultConfigurationName = Release;
		};
		A92D59FE1D36343200C2902C /* Build configuration list for PBXNativeTarget "TestForBitrise" */ = {
			isa = XCConfigurationList;
			buildConfigurations = (
				A92D59FF1D36343200C2902C /* Debug */,
				A92D5A001D36343200C2902C /* Release */,
			);
			defaultConfigurationIsVisible = 0;
		};
		A92D5A011D36343200C2902C /* Build configuration list for PBXNativeTarget "TestForBitriseTests" */ = {
			isa = XCConfigurationList;
			buildConfigurations = (
				A92D5A021D36343200C2902C /* Debug */,
				A92D5A031D36343200C2902C /* Release */,
			);
			defaultConfigurationIsVisible = 0;
		};
/* End XCConfigurationList section */
	};
	rootObject = A92D59D91D36343200C2902C /* Project object */;
}
